
Microsoft Visual Studio Solution File, Format Version 12.00
# Visual Studio 15
VisualStudioVersion = 15.0.28010.2003
MinimumVisualStudioVersion = 10.0.40219.1
Project("{888888A0-9F3D-457C-B088-3A5042F75D52}") = "PythonCalc", "PythonCalc\PythonCalc.pyproj", "{11A8740B-FB3C-4E46-B474-8064DA7E6796}"
EndProject
Global
	GlobalSection(SolutionConfigurationPlatforms) = preSolution
		Debug|Any CPU = Debug|Any CPU
		Release|Any CPU = Release|Any CPU
	EndGlobalSection
	GlobalSection(ProjectConfigurationPlatforms) = postSolution
		{11A8740B-FB3C-4E46-B474-8064DA7E6796}.Debug|Any CPU.ActiveCfg = Debug|Any CPU
		{11A8740B-FB3C-4E46-B474-8064DA7E6796}.Release|Any CPU.ActiveCfg = Release|Any CPU
	EndGlobalSection
	GlobalSection(SolutionProperties) = preSolution
		HideSolutionNode = FALSE
	EndGlobalSection
	GlobalSection(ExtensibilityGlobals) = postSolution
		SolutionGuid = {4D8BCAF2-2AEB-4205-9BF0-AD676773D25D}
	EndGlobalSection
EndGlobal
